
Microsoft Visual Studio Solution File, Format Version 12.00
# Visual Studio Version 16
VisualStudioVersion = 16.0.29215.179
MinimumVisualStudioVersion = 10.0.40219.1
Project("{FAE04EC0-301F-11D3-BF4B-00C04F79EFBC}") = "Triangle", "Triangle\Triangle.csproj", "{F38B467F-CCAB-48B7-90A6-3DA4752920D3}"
EndProject
Project("{FAE04EC0-301F-11D3-BF4B-00C04F79EFBC}") = "UnitTest", "UnitTest\UnitTest.csproj", "{BF72A4EC-A45F-407A-A4A4-F0F2C3DB68C6}"
EndProject
Global
	GlobalSection(SolutionConfigurationPlatforms) = preSolution
		Debug|Any CPU = Debug|Any CPU
		Release|Any CPU = Release|Any CPU
	EndGlobalSection
	GlobalSection(ProjectConfigurationPlatforms) = postSolution
		{F38B467F-CCAB-48B7-90A6-3DA4752920D3}.Debug|Any CPU.ActiveCfg = Debug|Any CPU
		{F38B467F-CCAB-48B7-90A6-3DA4752920D3}.Debug|Any CPU.Build.0 = Debug|Any CPU
		{F38B467F-CCAB-48B7-90A6-3DA4752920D3}.Release|Any CPU.ActiveCfg = Release|Any CPU
		{F38B467F-CCAB-48B7-90A6-3DA4752920D3}.Release|Any CPU.Build.0 = Release|Any CPU
		{BF72A4EC-A45F-407A-A4A4-F0F2C3DB68C6}.Debug|Any CPU.ActiveCfg = Debug|Any CPU
		{BF72A4EC-A45F-407A-A4A4-F0F2C3DB68C6}.Debug|Any CPU.Build.0 = Debug|Any CPU
		{BF72A4EC-A45F-407A-A4A4-F0F2C3DB68C6}.Release|Any CPU.ActiveCfg = Release|Any CPU
		{BF72A4EC-A45F-407A-A4A4-F0F2C3DB68C6}.Release|Any CPU.Build.0 = Release|Any CPU
	EndGlobalSection
	GlobalSection(SolutionProperties) = preSolution
		HideSolutionNode = FALSE
	EndGlobalSection
	GlobalSection(ExtensibilityGlobals) = postSolution
		SolutionGuid = {F6576956-17E9-4E07-9F2D-AEBEDE846549}
	EndGlobalSection
EndGlobal
